
Microsoft Visual Studio Solution File, Format Version 12.00
# Visual Studio Version 17
VisualStudioVersion = 17.7.34024.191
MinimumVisualStudioVersion = 10.0.40219.1
Project("{FAE04EC0-301F-11D3-BF4B-00C04F79EFBC}") = "updates", "updates\updates.csproj", "{68E6B8FF-DB66-4304-A004-EAC8D8FC99C8}"
EndProject
Global
	GlobalSection(SolutionConfigurationPlatforms) = preSolution
		Debug|Any CPU = Debug|Any CPU
		Release|Any CPU = Release|Any CPU
	EndGlobalSection
	GlobalSection(ProjectConfigurationPlatforms) = postSolution
		{68E6B8FF-DB66-4304-A004-EAC8D8FC99C8}.Debug|Any CPU.ActiveCfg = Debug|Any CPU
		{68E6B8FF-DB66-4304-A004-EAC8D8FC99C8}.Debug|Any CPU.Build.0 = Debug|Any CPU
		{68E6B8FF-DB66-4304-A004-EAC8D8FC99C8}.Release|Any CPU.ActiveCfg = Release|Any CPU
		{68E6B8FF-DB66-4304-A004-EAC8D8FC99C8}.Release|Any CPU.Build.0 = Release|Any CPU
	EndGlobalSection
	GlobalSection(SolutionProperties) = preSolution
		HideSolutionNode = FALSE
	EndGlobalSection
	GlobalSection(ExtensibilityGlobals) = postSolution
		SolutionGuid = {D3258F2F-4435-4987-B290-A0C5E3F6DE34}
	EndGlobalSection
EndGlobal
